
Microsoft Visual Studio Solution File, Format Version 12.00
# Visual Studio 15
VisualStudioVersion = 15.0.27130.2010
MinimumVisualStudioVersion = 10.0.40219.1
Project("{FAE04EC0-301F-11D3-BF4B-00C04F79EFBC}") = "NetStandard.PDF", "NetStandard.PDF\NetStandard.PDF.csproj", "{0ABD14D6-DC46-4261-AEB2-8D9A42E147CA}"
EndProject
Global
	GlobalSection(SolutionConfigurationPlatforms) = preSolution
		Debug|Any CPU = Debug|Any CPU
		Release|Any CPU = Release|Any CPU
	EndGlobalSection
	GlobalSection(ProjectConfigurationPlatforms) = postSolution
		{0ABD14D6-DC46-4261-AEB2-8D9A42E147CA}.Debug|Any CPU.ActiveCfg = Debug|Any CPU
		{0ABD14D6-DC46-4261-AEB2-8D9A42E147CA}.Debug|Any CPU.Build.0 = Debug|Any CPU
		{0ABD14D6-DC46-4261-AEB2-8D9A42E147CA}.Release|Any CPU.ActiveCfg = Release|Any CPU
		{0ABD14D6-DC46-4261-AEB2-8D9A42E147CA}.Release|Any CPU.Build.0 = Release|Any CPU
	EndGlobalSection
	GlobalSection(SolutionProperties) = preSolution
		HideSolutionNode = FALSE
	EndGlobalSection
	GlobalSection(ExtensibilityGlobals) = postSolution
		SolutionGuid = {3562FD12-526B-4E64-B27D-F43D581DB371}
	EndGlobalSection
EndGlobal
